
Microsoft Visual Studio Solution File, Format Version 12.00
# Visual Studio Version 17
VisualStudioVersion = 17.5.002.0
MinimumVisualStudioVersion = 10.0.40219.1
Project("{9A19103F-16F7-4668-BE54-9A1E7A4F7556}") = "TeddyCSharp", "TeddyCSharp.csproj", "{1B2D7AB7-5B22-441E-8EEF-2FD64C4B4E5D}"
EndProject
Project("{FAE04EC0-301F-11D3-BF4B-00C04F79EFBC}") = "Arrays", "Arrays\Arrays.csproj", "{1F83BF16-1655-4809-8EEE-24C01D7BE93F}"
EndProject
Global
	GlobalSection(SolutionConfigurationPlatforms) = preSolution
		Debug|Any CPU = Debug|Any CPU
		Release|Any CPU = Release|Any CPU
	EndGlobalSection
	GlobalSection(ProjectConfigurationPlatforms) = postSolution
		{1B2D7AB7-5B22-441E-8EEF-2FD64C4B4E5D}.Debug|Any CPU.ActiveCfg = Debug|Any CPU
		{1B2D7AB7-5B22-441E-8EEF-2FD64C4B4E5D}.Debug|Any CPU.Build.0 = Debug|Any CPU
		{1B2D7AB7-5B22-441E-8EEF-2FD64C4B4E5D}.Release|Any CPU.ActiveCfg = Release|Any CPU
		{1B2D7AB7-5B22-441E-8EEF-2FD64C4B4E5D}.Release|Any CPU.Build.0 = Release|Any CPU
		{1F83BF16-1655-4809-8EEE-24C01D7BE93F}.Debug|Any CPU.ActiveCfg = Debug|Any CPU
		{1F83BF16-1655-4809-8EEE-24C01D7BE93F}.Debug|Any CPU.Build.0 = Debug|Any CPU
		{1F83BF16-1655-4809-8EEE-24C01D7BE93F}.Release|Any CPU.ActiveCfg = Release|Any CPU
		{1F83BF16-1655-4809-8EEE-24C01D7BE93F}.Release|Any CPU.Build.0 = Release|Any CPU
	EndGlobalSection
	GlobalSection(SolutionProperties) = preSolution
		HideSolutionNode = FALSE
	EndGlobalSection
	GlobalSection(ExtensibilityGlobals) = postSolution
		SolutionGuid = {FA986377-DF77-494C-A683-F7D13790BF2A}
	EndGlobalSection
EndGlobal
